
Microsoft Visual Studio Solution File, Format Version 12.00
Project("{FAE04EC0-301F-11D3-BF4B-00C04F79EFBC}") = "profile_API", "profile_API\profile_API.csproj", "{0FE7F29D-C085-4AE7-8891-05A2DF0E7E53}"
EndProject
Project("{FAE04EC0-301F-11D3-BF4B-00C04F79EFBC}") = "profile_Domain", "profile_Domain\profile_Domain.csproj", "{28D41836-2D5B-44F3-BB58-C9D0301678E0}"
EndProject
Project("{FAE04EC0-301F-11D3-BF4B-00C04F79EFBC}") = "profile_DataAccess", "profile_DataAccess\profile_DataAccess.csproj", "{ADCC0ECC-D873-4821-9609-36B25E90BB3B}"
EndProject
Project("{FAE04EC0-301F-11D3-BF4B-00C04F79EFBC}") = "profile_Core", "profile_Core\profile_Core.csproj", "{E7E9892D-FEEF-4581-B59B-82351521ED64}"
EndProject
Project("{FAE04EC0-301F-11D3-BF4B-00C04F79EFBC}") = "profile_Service", "profile_Service\profile_Service.csproj", "{1FD99CCE-F800-4CC5-9ACC-80153532A051}"
EndProject
Project("{FAE04EC0-301F-11D3-BF4B-00C04F79EFBC}") = "profile_MapperAndModel", "profile_MapperAndModel\profile_MapperAndModel.csproj", "{C2BEF45E-641C-4F84-B79B-C0ABEA36DA45}"
EndProject
Project("{FAE04EC0-301F-11D3-BF4B-00C04F79EFBC}") = "profile_Application", "profile_Application\profile_Application.csproj", "{1A8A7370-F5B7-49A6-AEC1-F5B28E306F74}"
EndProject
Project("{2150E333-8FDC-42A3-9474-1A3956D46DE8}") = "ApplicationAndService", "ApplicationAndService", "{364C704F-FB73-46B2-A114-C858FF73921C}"
EndProject
Project("{2150E333-8FDC-42A3-9474-1A3956D46DE8}") = "DomainAndCore", "DomainAndCore", "{540E511F-2831-4892-9B95-617083F4F5A6}"
EndProject
Project("{2150E333-8FDC-42A3-9474-1A3956D46DE8}") = "DataAccessAndModel", "DataAccessAndModel", "{99781E27-0FCA-4263-9E6C-11A2B9284763}"
EndProject
Project("{2150E333-8FDC-42A3-9474-1A3956D46DE8}") = "API", "API", "{23B12A4F-46B8-4556-B232-3E1B360EECBA}"
EndProject
Global
	GlobalSection(SolutionConfigurationPlatforms) = preSolution
		Debug|Any CPU = Debug|Any CPU
		Release|Any CPU = Release|Any CPU
	EndGlobalSection
	GlobalSection(ProjectConfigurationPlatforms) = postSolution
		{0FE7F29D-C085-4AE7-8891-05A2DF0E7E53}.Debug|Any CPU.ActiveCfg = Debug|Any CPU
		{0FE7F29D-C085-4AE7-8891-05A2DF0E7E53}.Debug|Any CPU.Build.0 = Debug|Any CPU
		{0FE7F29D-C085-4AE7-8891-05A2DF0E7E53}.Release|Any CPU.ActiveCfg = Release|Any CPU
		{0FE7F29D-C085-4AE7-8891-05A2DF0E7E53}.Release|Any CPU.Build.0 = Release|Any CPU
		{28D41836-2D5B-44F3-BB58-C9D0301678E0}.Debug|Any CPU.ActiveCfg = Debug|Any CPU
		{28D41836-2D5B-44F3-BB58-C9D0301678E0}.Debug|Any CPU.Build.0 = Debug|Any CPU
		{28D41836-2D5B-44F3-BB58-C9D0301678E0}.Release|Any CPU.ActiveCfg = Release|Any CPU
		{28D41836-2D5B-44F3-BB58-C9D0301678E0}.Release|Any CPU.Build.0 = Release|Any CPU
		{ADCC0ECC-D873-4821-9609-36B25E90BB3B}.Debug|Any CPU.ActiveCfg = Debug|Any CPU
		{ADCC0ECC-D873-4821-9609-36B25E90BB3B}.Debug|Any CPU.Build.0 = Debug|Any CPU
		{ADCC0ECC-D873-4821-9609-36B25E90BB3B}.Release|Any CPU.ActiveCfg = Release|Any CPU
		{ADCC0ECC-D873-4821-9609-36B25E90BB3B}.Release|Any CPU.Build.0 = Release|Any CPU
		{E7E9892D-FEEF-4581-B59B-82351521ED64}.Debug|Any CPU.ActiveCfg = Debug|Any CPU
		{E7E9892D-FEEF-4581-B59B-82351521ED64}.Debug|Any CPU.Build.0 = Debug|Any CPU
		{E7E9892D-FEEF-4581-B59B-82351521ED64}.Release|Any CPU.ActiveCfg = Release|Any CPU
		{E7E9892D-FEEF-4581-B59B-82351521ED64}.Release|Any CPU.Build.0 = Release|Any CPU
		{1FD99CCE-F800-4CC5-9ACC-80153532A051}.Debug|Any CPU.ActiveCfg = Debug|Any CPU
		{1FD99CCE-F800-4CC5-9ACC-80153532A051}.Debug|Any CPU.Build.0 = Debug|Any CPU
		{1FD99CCE-F800-4CC5-9ACC-80153532A051}.Release|Any CPU.ActiveCfg = Release|Any CPU
		{1FD99CCE-F800-4CC5-9ACC-80153532A051}.Release|Any CPU.Build.0 = Release|Any CPU
		{C2BEF45E-641C-4F84-B79B-C0ABEA36DA45}.Debug|Any CPU.ActiveCfg = Debug|Any CPU
		{C2BEF45E-641C-4F84-B79B-C0ABEA36DA45}.Debug|Any CPU.Build.0 = Debug|Any CPU
		{C2BEF45E-641C-4F84-B79B-C0ABEA36DA45}.Release|Any CPU.ActiveCfg = Release|Any CPU
		{C2BEF45E-641C-4F84-B79B-C0ABEA36DA45}.Release|Any CPU.Build.0 = Release|Any CPU
		{1A8A7370-F5B7-49A6-AEC1-F5B28E306F74}.Debug|Any CPU.ActiveCfg = Debug|Any CPU
		{1A8A7370-F5B7-49A6-AEC1-F5B28E306F74}.Debug|Any CPU.Build.0 = Debug|Any CPU
		{1A8A7370-F5B7-49A6-AEC1-F5B28E306F74}.Release|Any CPU.ActiveCfg = Release|Any CPU
		{1A8A7370-F5B7-49A6-AEC1-F5B28E306F74}.Release|Any CPU.Build.0 = Release|Any CPU
	EndGlobalSection
	GlobalSection(NestedProjects) = preSolution
		{1A8A7370-F5B7-49A6-AEC1-F5B28E306F74} = {364C704F-FB73-46B2-A114-C858FF73921C}
		{E7E9892D-FEEF-4581-B59B-82351521ED64} = {540E511F-2831-4892-9B95-617083F4F5A6}
		{28D41836-2D5B-44F3-BB58-C9D0301678E0} = {540E511F-2831-4892-9B95-617083F4F5A6}
		{ADCC0ECC-D873-4821-9609-36B25E90BB3B} = {99781E27-0FCA-4263-9E6C-11A2B9284763}
		{1FD99CCE-F800-4CC5-9ACC-80153532A051} = {364C704F-FB73-46B2-A114-C858FF73921C}
		{C2BEF45E-641C-4F84-B79B-C0ABEA36DA45} = {99781E27-0FCA-4263-9E6C-11A2B9284763}
		{0FE7F29D-C085-4AE7-8891-05A2DF0E7E53} = {23B12A4F-46B8-4556-B232-3E1B360EECBA}
	EndGlobalSection
EndGlobal
